// !$*UTF8*$!
{
	archiveVersion = 1;
	classes = {
	};
	objectVersion = 51;
	objects = {

/* Begin PBXBuildFile section */
		7D030ACA2432C72B002D8994 /* HostStore+CoreDataClass.swift in Sources */ = {isa = PBXBuildFile; fileRef = 7D030AC82432C72B002D8994 /* HostStore+CoreDataClass.swift */; };
		7D030ACB2432C72B002D8994 /* HostStore+CoreDataProperties.swift in Sources */ = {isa = PBXBuildFile; fileRef = 7D030AC92432C72B002D8994 /* HostStore+CoreDataProperties.swift */; };
		7D09310423F9CAE90016390E /* YRKSpinningProgressIndicatorLayer.swift in Sources */ = {isa = PBXBuildFile; fileRef = 7D09310223F9CAE90016390E /* YRKSpinningProgressIndicatorLayer.swift */; };
		7D09310523F9CAE90016390E /* ProgressHUD.swift in Sources */ = {isa = PBXBuildFile; fileRef = 7D09310323F9CAE90016390E /* ProgressHUD.swift */; };
		7D09B55923FB7853002697B6 /* PasswordChangeViewController.swift in Sources */ = {isa = PBXBuildFile; fileRef = 7D09B55823FB7853002697B6 /* PasswordChangeViewController.swift */; };
		7D11DF7E240B47080030850A /* ImageResizer.swift in Sources */ = {isa = PBXBuildFile; fileRef = 7D11DF7D240B47080030850A /* ImageResizer.swift */; };
		7D11DF81240B4D240030850A /* LogisticsViewController.swift in Sources */ = {isa = PBXBuildFile; fileRef = 7D11DF80240B4D240030850A /* LogisticsViewController.swift */; };
		7D11DF84240B4D300030850A /* MaintenanceViewController.swift in Sources */ = {isa = PBXBuildFile; fileRef = 7D11DF82240B4D300030850A /* MaintenanceViewController.swift */; };
		7D11DF87240B4D3C0030850A /* PeopleViewController.swift in Sources */ = {isa = PBXBuildFile; fileRef = 7D11DF86240B4D3C0030850A /* PeopleViewController.swift */; };
		7D11DF89240B4D5F0030850A /* JobsViewController.swift in Sources */ = {isa = PBXBuildFile; fileRef = 7D11DF88240B4D5F0030850A /* JobsViewController.swift */; };
		7D11DF8B240B4D7A0030850A /* AssetsViewController.swift in Sources */ = {isa = PBXBuildFile; fileRef = 7D11DF8A240B4D7A0030850A /* AssetsViewController.swift */; };
		7D11DF8E240B53290030850A /* WindowFunctions.swift in Sources */ = {isa = PBXBuildFile; fileRef = 7D11DF8D240B53290030850A /* WindowFunctions.swift */; };
		7D29880123F8305E004DE4F3 /* DashboardViewController.swift in Sources */ = {isa = PBXBuildFile; fileRef = 7D29880023F8305E004DE4F3 /* DashboardViewController.swift */; };
		7D29880323F83AB9004DE4F3 /* MasterWindowController.swift in Sources */ = {isa = PBXBuildFile; fileRef = 7D29880223F83AB9004DE4F3 /* MasterWindowController.swift */; };
		7D3813D823FB04EE00602954 /* MainToolbar.swift in Sources */ = {isa = PBXBuildFile; fileRef = 7D3813D723FB04EE00602954 /* MainToolbar.swift */; };
		7D38140223FB318200602954 /* inventory.png in Resources */ = {isa = PBXBuildFile; fileRef = 7D3813FA23FB318200602954 /* inventory.png */; };
		7D38140323FB318200602954 /* dashboard.png in Resources */ = {isa = PBXBuildFile; fileRef = 7D3813FB23FB318200602954 /* dashboard.png */; };
		7D38140423FB318200602954 /* logout.png in Resources */ = {isa = PBXBuildFile; fileRef = 7D3813FC23FB318200602954 /* logout.png */; };
		7D38140523FB318200602954 /* calendar.png in Resources */ = {isa = PBXBuildFile; fileRef = 7D3813FD23FB318200602954 /* calendar.png */; };
		7D38140623FB318200602954 /* user.png in Resources */ = {isa = PBXBuildFile; fileRef = 7D3813FE23FB318200602954 /* user.png */; };
		7D38140723FB318200602954 /* settings.png in Resources */ = {isa = PBXBuildFile; fileRef = 7D3813FF23FB318200602954 /* settings.png */; };
		7D38140823FB318200602954 /* back.png in Resources */ = {isa = PBXBuildFile; fileRef = 7D38140023FB318200602954 /* back.png */; };
		7D38140923FB318200602954 /* key.png in Resources */ = {isa = PBXBuildFile; fileRef = 7D38140123FB318200602954 /* key.png */; };
		7D5DB1A42410700C0029A684 /* CreateEventViewController.swift in Sources */ = {isa = PBXBuildFile; fileRef = 7D5DB1A32410700C0029A684 /* CreateEventViewController.swift */; };
		7D5DB1A624107B020029A684 /* EditEventViewController.swift in Sources */ = {isa = PBXBuildFile; fileRef = 7D5DB1A524107B020029A684 /* EditEventViewController.swift */; };
		7D5DB1A924112F740029A684 /* Events.swift in Sources */ = {isa = PBXBuildFile; fileRef = 7D5DB1A824112F740029A684 /* Events.swift */; };
		7D742B2523EA2E3600D0B53E /* JSONFunctions.swift in Sources */ = {isa = PBXBuildFile; fileRef = 7D742B2423EA2E3600D0B53E /* JSONFunctions.swift */; };
		7D742B2723EA384100D0B53E /* Authentication.swift in Sources */ = {isa = PBXBuildFile; fileRef = 7D742B2623EA384100D0B53E /* Authentication.swift */; };
		7D75AD9323FC12D4006F2FF2 /* CoreDataFuncs.swift in Sources */ = {isa = PBXBuildFile; fileRef = 7D75AD9223FC12D4006F2FF2 /* CoreDataFuncs.swift */; };
		7D7A87D323E9E02600B9B4B0 /* AppDelegate.swift in Sources */ = {isa = PBXBuildFile; fileRef = 7D7A87D223E9E02600B9B4B0 /* AppDelegate.swift */; };
		7D7A87D523E9E02600B9B4B0 /* LoginViewController.swift in Sources */ = {isa = PBXBuildFile; fileRef = 7D7A87D423E9E02600B9B4B0 /* LoginViewController.swift */; };
		7D7A87D723E9E02800B9B4B0 /* Assets.xcassets in Resources */ = {isa = PBXBuildFile; fileRef = 7D7A87D623E9E02800B9B4B0 /* Assets.xcassets */; };
		7D7A87DA23E9E02800B9B4B0 /* Main.storyboard in Resources */ = {isa = PBXBuildFile; fileRef = 7D7A87D823E9E02800B9B4B0 /* Main.storyboard */; };
		7D7A87E623E9E02800B9B4B0 /* AssetClientTests.swift in Sources */ = {isa = PBXBuildFile; fileRef = 7D7A87E523E9E02800B9B4B0 /* AssetClientTests.swift */; };
		7D7A87F123E9E02800B9B4B0 /* AssetClientUITests.swift in Sources */ = {isa = PBXBuildFile; fileRef = 7D7A87F023E9E02800B9B4B0 /* AssetClientUITests.swift */; };
		7D909F3523F085A7000AE10F /* AuthStore+CoreDataClass.swift in Sources */ = {isa = PBXBuildFile; fileRef = 7D909F3323F085A7000AE10F /* AuthStore+CoreDataClass.swift */; };
		7D909F3623F085A7000AE10F /* AuthStore+CoreDataProperties.swift in Sources */ = {isa = PBXBuildFile; fileRef = 7D909F3423F085A7000AE10F /* AuthStore+CoreDataProperties.swift */; };
		7D97D344240FDCA30068DE22 /* MasterViewController.swift in Sources */ = {isa = PBXBuildFile; fileRef = 7D97D343240FDCA30068DE22 /* MasterViewController.swift */; };
		7DACA3DB24341DE900C73868 /* AuthStore.xcdatamodeld in Sources */ = {isa = PBXBuildFile; fileRef = 7D909F1E23F07BB8000AE10F /* AuthStore.xcdatamodeld */; };
		7DDD0BEC24127290003A2482 /* AddAssetViewController.swift in Sources */ = {isa = PBXBuildFile; fileRef = 7DDD0BEB24127290003A2482 /* AddAssetViewController.swift */; };
		F920C97B20E0CFC5BA1D2CED /* Pods_Production_Manager_Pro.framework in Frameworks */ = {isa = PBXBuildFile; fileRef = 493B68DE96B643835525F086 /* Pods_Production_Manager_Pro.framework */; };
/* End PBXBuildFile section */

/* Begin PBXContainerItemProxy section */
		7D7A87E223E9E02800B9B4B0 /* PBXContainerItemProxy */ = {
			isa = PBXContainerItemProxy;
			containerPortal = 7D7A87C723E9E02600B9B4B0 /* Project object */;
			proxyType = 1;
			remoteGlobalIDString = 7D7A87CE23E9E02600B9B4B0;
			remoteInfo = AssetClient;
		};
		7D7A87ED23E9E02800B9B4B0 /* PBXContainerItemProxy */ = {
			isa = PBXContainerItemProxy;
			containerPortal = 7D7A87C723E9E02600B9B4B0 /* Project object */;
			proxyType = 1;
			remoteGlobalIDString = 7D7A87CE23E9E02600B9B4B0;
			remoteInfo = AssetClient;
		};
/* End PBXContainerItemProxy section */

/* Begin PBXFileReference section */
		493B68DE96B643835525F086 /* Pods_Production_Manager_Pro.framework */ = {isa = PBXFileReference; explicitFileType = wrapper.framework; includeInIndex = 0; path = Pods_Production_Manager_Pro.framework; sourceTree = BUILT_PRODUCTS_DIR; };
		58E17451FC1ABF4F42BE73C2 /* Pods-Production Manager Pro.debug.xcconfig */ = {isa = PBXFileReference; includeInIndex = 1; lastKnownFileType = text.xcconfig; name = "Pods-Production Manager Pro.debug.xcconfig"; path = "Target Support Files/Pods-Production Manager Pro/Pods-Production Manager Pro.debug.xcconfig"; sourceTree = "<group>"; };
		7D030AC82432C72B002D8994 /* HostStore+CoreDataClass.swift */ = {isa = PBXFileReference; lastKnownFileType = sourcecode.swift; name = "HostStore+CoreDataClass.swift"; path = "AssetClient/HostStore+CoreDataClass.swift"; sourceTree = SOURCE_ROOT; };
		7D030AC92432C72B002D8994 /* HostStore+CoreDataProperties.swift */ = {isa = PBXFileReference; lastKnownFileType = sourcecode.swift; name = "HostStore+CoreDataProperties.swift"; path = "AssetClient/HostStore+CoreDataProperties.swift"; sourceTree = SOURCE_ROOT; };
		7D09310223F9CAE90016390E /* YRKSpinningProgressIndicatorLayer.swift */ = {isa = PBXFileReference; fileEncoding = 4; lastKnownFileType = sourcecode.swift; path = YRKSpinningProgressIndicatorLayer.swift; sourceTree = "<group>"; };
		7D09310323F9CAE90016390E /* ProgressHUD.swift */ = {isa = PBXFileReference; fileEncoding = 4; lastKnownFileType = sourcecode.swift; path = ProgressHUD.swift; sourceTree = "<group>"; };
		7D09B55823FB7853002697B6 /* PasswordChangeViewController.swift */ = {isa = PBXFileReference; lastKnownFileType = sourcecode.swift; path = PasswordChangeViewController.swift; sourceTree = "<group>"; };
		7D11DF7D240B47080030850A /* ImageResizer.swift */ = {isa = PBXFileReference; lastKnownFileType = sourcecode.swift; path = ImageResizer.swift; sourceTree = "<group>"; };
		7D11DF80240B4D240030850A /* LogisticsViewController.swift */ = {isa = PBXFileReference; lastKnownFileType = sourcecode.swift; path = LogisticsViewController.swift; sourceTree = "<group>"; };
		7D11DF82240B4D300030850A /* MaintenanceViewController.swift */ = {isa = PBXFileReference; lastKnownFileType = sourcecode.swift; path = MaintenanceViewController.swift; sourceTree = "<group>"; };
		7D11DF86240B4D3C0030850A /* PeopleViewController.swift */ = {isa = PBXFileReference; lastKnownFileType = sourcecode.swift; path = PeopleViewController.swift; sourceTree = "<group>"; };
		7D11DF88240B4D5F0030850A /* JobsViewController.swift */ = {isa = PBXFileReference; lastKnownFileType = sourcecode.swift; path = JobsViewController.swift; sourceTree = "<group>"; };
		7D11DF8A240B4D7A0030850A /* AssetsViewController.swift */ = {isa = PBXFileReference; lastKnownFileType = sourcecode.swift; path = AssetsViewController.swift; sourceTree = "<group>"; };
		7D11DF8D240B53290030850A /* WindowFunctions.swift */ = {isa = PBXFileReference; lastKnownFileType = sourcecode.swift; path = WindowFunctions.swift; sourceTree = "<group>"; };
		7D29880023F8305E004DE4F3 /* DashboardViewController.swift */ = {isa = PBXFileReference; lastKnownFileType = sourcecode.swift; path = DashboardViewController.swift; sourceTree = "<group>"; };
		7D29880223F83AB9004DE4F3 /* MasterWindowController.swift */ = {isa = PBXFileReference; lastKnownFileType = sourcecode.swift; path = MasterWindowController.swift; sourceTree = "<group>"; };
		7D3813D723FB04EE00602954 /* MainToolbar.swift */ = {isa = PBXFileReference; lastKnownFileType = sourcecode.swift; path = MainToolbar.swift; sourceTree = "<group>"; };
		7D3813FA23FB318200602954 /* inventory.png */ = {isa = PBXFileReference; lastKnownFileType = image.png; path = inventory.png; sourceTree = "<group>"; };
		7D3813FB23FB318200602954 /* dashboard.png */ = {isa = PBXFileReference; lastKnownFileType = image.png; path = dashboard.png; sourceTree = "<group>"; };
		7D3813FC23FB318200602954 /* logout.png */ = {isa = PBXFileReference; lastKnownFileType = image.png; path = logout.png; sourceTree = "<group>"; };
		7D3813FD23FB318200602954 /* calendar.png */ = {isa = PBXFileReference; lastKnownFileType = image.png; path = calendar.png; sourceTree = "<group>"; };
		7D3813FE23FB318200602954 /* user.png */ = {isa = PBXFileReference; lastKnownFileType = image.png; path = user.png; sourceTree = "<group>"; };
		7D3813FF23FB318200602954 /* settings.png */ = {isa = PBXFileReference; lastKnownFileType = image.png; path = settings.png; sourceTree = "<group>"; };
		7D38140023FB318200602954 /* back.png */ = {isa = PBXFileReference; lastKnownFileType = image.png; path = back.png; sourceTree = "<group>"; };
		7D38140123FB318200602954 /* key.png */ = {isa = PBXFileReference; lastKnownFileType = image.png; path = key.png; sourceTree = "<group>"; };
		7D5DB1A32410700C0029A684 /* CreateEventViewController.swift */ = {isa = PBXFileReference; lastKnownFileType = sourcecode.swift; path = CreateEventViewController.swift; sourceTree = "<group>"; };
		7D5DB1A524107B020029A684 /* EditEventViewController.swift */ = {isa = PBXFileReference; lastKnownFileType = sourcecode.swift; path = EditEventViewController.swift; sourceTree = "<group>"; };
		7D5DB1A824112F740029A684 /* Events.swift */ = {isa = PBXFileReference; lastKnownFileType = sourcecode.swift; path = Events.swift; sourceTree = "<group>"; };
		7D742B2423EA2E3600D0B53E /* JSONFunctions.swift */ = {isa = PBXFileReference; lastKnownFileType = sourcecode.swift; path = JSONFunctions.swift; sourceTree = "<group>"; };
		7D742B2623EA384100D0B53E /* Authentication.swift */ = {isa = PBXFileReference; lastKnownFileType = sourcecode.swift; path = Authentication.swift; sourceTree = "<group>"; };
		7D75AD9223FC12D4006F2FF2 /* CoreDataFuncs.swift */ = {isa = PBXFileReference; lastKnownFileType = sourcecode.swift; path = CoreDataFuncs.swift; sourceTree = "<group>"; };
		7D7A87CF23E9E02600B9B4B0 /* Production Manager Pro.app */ = {isa = PBXFileReference; explicitFileType = wrapper.application; includeInIndex = 0; path = "Production Manager Pro.app"; sourceTree = BUILT_PRODUCTS_DIR; };
		7D7A87D223E9E02600B9B4B0 /* AppDelegate.swift */ = {isa = PBXFileReference; lastKnownFileType = sourcecode.swift; path = AppDelegate.swift; sourceTree = "<group>"; };
		7D7A87D423E9E02600B9B4B0 /* LoginViewController.swift */ = {isa = PBXFileReference; lastKnownFileType = sourcecode.swift; path = LoginViewController.swift; sourceTree = "<group>"; };
		7D7A87D623E9E02800B9B4B0 /* Assets.xcassets */ = {isa = PBXFileReference; lastKnownFileType = folder.assetcatalog; path = Assets.xcassets; sourceTree = "<group>"; };
		7D7A87D923E9E02800B9B4B0 /* Base */ = {isa = PBXFileReference; lastKnownFileType = file.storyboard; name = Base; path = Base.lproj/Main.storyboard; sourceTree = "<group>"; };
		7D7A87DB23E9E02800B9B4B0 /* Info.plist */ = {isa = PBXFileReference; lastKnownFileType = text.plist.xml; path = Info.plist; sourceTree = "<group>"; };
		7D7A87DC23E9E02800B9B4B0 /* AssetClient.entitlements */ = {isa = PBXFileReference; lastKnownFileType = text.plist.entitlements; path = AssetClient.entitlements; sourceTree = "<group>"; };
		7D7A87E123E9E02800B9B4B0 /* Production Manager ProTests.xctest */ = {isa = PBXFileReference; explicitFileType = wrapper.cfbundle; includeInIndex = 0; path = "Production Manager ProTests.xctest"; sourceTree = BUILT_PRODUCTS_DIR; };
		7D7A87E523E9E02800B9B4B0 /* AssetClientTests.swift */ = {isa = PBXFileReference; lastKnownFileType = sourcecode.swift; path = AssetClientTests.swift; sourceTree = "<group>"; };
		7D7A87E723E9E02800B9B4B0 /* Info.plist */ = {isa = PBXFileReference; lastKnownFileType = text.plist.xml; path = Info.plist; sourceTree = "<group>"; };
		7D7A87EC23E9E02800B9B4B0 /* Production Manager ProUITests.xctest */ = {isa = PBXFileReference; explicitFileType = wrapper.cfbundle; includeInIndex = 0; path = "Production Manager ProUITests.xctest"; sourceTree = BUILT_PRODUCTS_DIR; };
		7D7A87F023E9E02800B9B4B0 /* AssetClientUITests.swift */ = {isa = PBXFileReference; lastKnownFileType = sourcecode.swift; path = AssetClientUITests.swift; sourceTree = "<group>"; };
		7D7A87F223E9E02800B9B4B0 /* Info.plist */ = {isa = PBXFileReference; lastKnownFileType = text.plist.xml; path = Info.plist; sourceTree = "<group>"; };
		7D909F1F23F07BB8000AE10F /* AssetClient.xcdatamodel */ = {isa = PBXFileReference; lastKnownFileType = wrapper.xcdatamodel; path = AssetClient.xcdatamodel; sourceTree = "<group>"; };
		7D909F3323F085A7000AE10F /* AuthStore+CoreDataClass.swift */ = {isa = PBXFileReference; lastKnownFileType = sourcecode.swift; path = "AuthStore+CoreDataClass.swift"; sourceTree = "<group>"; };
		7D909F3423F085A7000AE10F /* AuthStore+CoreDataProperties.swift */ = {isa = PBXFileReference; lastKnownFileType = sourcecode.swift; path = "AuthStore+CoreDataProperties.swift"; sourceTree = "<group>"; };
		7D97D343240FDCA30068DE22 /* MasterViewController.swift */ = {isa = PBXFileReference; lastKnownFileType = sourcecode.swift; path = MasterViewController.swift; sourceTree = "<group>"; };
		7DDD0BEB24127290003A2482 /* AddAssetViewController.swift */ = {isa = PBXFileReference; lastKnownFileType = sourcecode.swift; path = AddAssetViewController.swift; sourceTree = "<group>"; };
		A14D7932CD202B2E2D4A9354 /* Pods-Production Manager Pro.release.xcconfig */ = {isa = PBXFileReference; includeInIndex = 1; lastKnownFileType = text.xcconfig; name = "Pods-Production Manager Pro.release.xcconfig"; path = "Target Support Files/Pods-Production Manager Pro/Pods-Production Manager Pro.release.xcconfig"; sourceTree = "<group>"; };
/* End PBXFileReference section */

/* Begin PBXFrameworksBuildPhase section */
		7D7A87CC23E9E02600B9B4B0 /* Frameworks */ = {
			isa = PBXFrameworksBuildPhase;
			buildActionMask = 2147483647;
			files = (
				F920C97B20E0CFC5BA1D2CED /* Pods_Production_Manager_Pro.framework in Frameworks */,
			);
			runOnlyForDeploymentPostprocessing = 0;
		};
		7D7A87DE23E9E02800B9B4B0 /* Frameworks */ = {
			isa = PBXFrameworksBuildPhase;
			buildActionMask = 2147483647;
			files = (
			);
			runOnlyForDeploymentPostprocessing = 0;
		};
		7D7A87E923E9E02800B9B4B0 /* Frameworks */ = {
			isa = PBXFrameworksBuildPhase;
			buildActionMask = 2147483647;
			files = (
			);
			runOnlyForDeploymentPostprocessing = 0;
		};
/* End PBXFrameworksBuildPhase section */

/* Begin PBXGroup section */
		483BE14277C5FEF5B5FCDD95 /* Frameworks */ = {
			isa = PBXGroup;
			children = (
				493B68DE96B643835525F086 /* Pods_Production_Manager_Pro.framework */,
			);
			name = Frameworks;
			sourceTree = "<group>";
		};
		7D09310123F9CAE90016390E /* ProgressHUD */ = {
			isa = PBXGroup;
			children = (
				7D09310223F9CAE90016390E /* YRKSpinningProgressIndicatorLayer.swift */,
				7D09310323F9CAE90016390E /* ProgressHUD.swift */,
			);
			path = ProgressHUD;
			sourceTree = "<group>";
		};
		7D11DF7F240B4D050030850A /* ViewControllers */ = {
			isa = PBXGroup;
			children = (
				7D11DF80240B4D240030850A /* LogisticsViewController.swift */,
				7D11DF82240B4D300030850A /* MaintenanceViewController.swift */,
				7D11DF86240B4D3C0030850A /* PeopleViewController.swift */,
				7D11DF88240B4D5F0030850A /* JobsViewController.swift */,
				7D11DF8A240B4D7A0030850A /* AssetsViewController.swift */,
				7D5DB1A32410700C0029A684 /* CreateEventViewController.swift */,
				7D5DB1A524107B020029A684 /* EditEventViewController.swift */,
				7DDD0BEB24127290003A2482 /* AddAssetViewController.swift */,
			);
			path = ViewControllers;
			sourceTree = "<group>";
		};
		7D11DF8C240B530B0030850A /* Utilities */ = {
			isa = PBXGroup;
			children = (
				7D11DF8D240B53290030850A /* WindowFunctions.swift */,
			);
			path = Utilities;
			sourceTree = "<group>";
		};
		7D3813D623FB04BC00602954 /* Toolbar */ = {
			isa = PBXGroup;
			children = (
				7D3813D723FB04EE00602954 /* MainToolbar.swift */,
			);
			path = Toolbar;
			sourceTree = "<group>";
		};
		7D3813D923FB0C7F00602954 /* Images */ = {
			isa = PBXGroup;
			children = (
				7D38140023FB318200602954 /* back.png */,
				7D3813FD23FB318200602954 /* calendar.png */,
				7D3813FB23FB318200602954 /* dashboard.png */,
				7D3813FA23FB318200602954 /* inventory.png */,
				7D38140123FB318200602954 /* key.png */,
				7D3813FC23FB318200602954 /* logout.png */,
				7D3813FF23FB318200602954 /* settings.png */,
				7D3813FE23FB318200602954 /* user.png */,
				7D11DF7D240B47080030850A /* ImageResizer.swift */,
			);
			path = Images;
			sourceTree = "<group>";
		};
		7D5DB1A724112F590029A684 /* Models */ = {
			isa = PBXGroup;
			children = (
				7D5DB1A824112F740029A684 /* Events.swift */,
			);
			path = Models;
			sourceTree = "<group>";
		};
		7D7A87C623E9E02600B9B4B0 = {
			isa = PBXGroup;
			children = (
				7D7A87D123E9E02600B9B4B0 /* AssetClient */,
				7D7A87E423E9E02800B9B4B0 /* AssetClientTests */,
				7D7A87EF23E9E02800B9B4B0 /* AssetClientUITests */,
				7D7A87D023E9E02600B9B4B0 /* Products */,
				FEC16D337F291E2F5A79C893 /* Pods */,
				483BE14277C5FEF5B5FCDD95 /* Frameworks */,
			);
			sourceTree = "<group>";
		};
		7D7A87D023E9E02600B9B4B0 /* Products */ = {
			isa = PBXGroup;
			children = (
				7D7A87CF23E9E02600B9B4B0 /* Production Manager Pro.app */,
				7D7A87E123E9E02800B9B4B0 /* Production Manager ProTests.xctest */,
				7D7A87EC23E9E02800B9B4B0 /* Production Manager ProUITests.xctest */,
			);
			name = Products;
			sourceTree = "<group>";
		};
		7D7A87D123E9E02600B9B4B0 /* AssetClient */ = {
			isa = PBXGroup;
			children = (
				7D5DB1A724112F590029A684 /* Models */,
				7D11DF8C240B530B0030850A /* Utilities */,
				7D11DF7F240B4D050030850A /* ViewControllers */,
				7D3813D923FB0C7F00602954 /* Images */,
				7D3813D623FB04BC00602954 /* Toolbar */,
				7D09310123F9CAE90016390E /* ProgressHUD */,
				7D909F2223F07C45000AE10F /* Data */,
				7D909F1D23F07B96000AE10F /* Resources */,
				7D7A87D223E9E02600B9B4B0 /* AppDelegate.swift */,
				7D7A87D423E9E02600B9B4B0 /* LoginViewController.swift */,
				7D742B2423EA2E3600D0B53E /* JSONFunctions.swift */,
				7D7A87D623E9E02800B9B4B0 /* Assets.xcassets */,
				7D7A87D823E9E02800B9B4B0 /* Main.storyboard */,
				7D7A87DB23E9E02800B9B4B0 /* Info.plist */,
				7D7A87DC23E9E02800B9B4B0 /* AssetClient.entitlements */,
				7D97D343240FDCA30068DE22 /* MasterViewController.swift */,
				7D742B2623EA384100D0B53E /* Authentication.swift */,
				7D29880023F8305E004DE4F3 /* DashboardViewController.swift */,
				7D29880223F83AB9004DE4F3 /* MasterWindowController.swift */,
				7D09B55823FB7853002697B6 /* PasswordChangeViewController.swift */,
			);
			path = AssetClient;
			sourceTree = "<group>";
		};
		7D7A87E423E9E02800B9B4B0 /* AssetClientTests */ = {
			isa = PBXGroup;
			children = (
				7D7A87E523E9E02800B9B4B0 /* AssetClientTests.swift */,
				7D7A87E723E9E02800B9B4B0 /* Info.plist */,
			);
			path = AssetClientTests;
			sourceTree = "<group>";
		};
		7D7A87EF23E9E02800B9B4B0 /* AssetClientUITests */ = {
			isa = PBXGroup;
			children = (
				7D7A87F023E9E02800B9B4B0 /* AssetClientUITests.swift */,
				7D7A87F223E9E02800B9B4B0 /* Info.plist */,
			);
			path = AssetClientUITests;
			sourceTree = "<group>";
		};
		7D909F1D23F07B96000AE10F /* Resources */ = {
			isa = PBXGroup;
			children = (
				7D909F1E23F07BB8000AE10F /* AuthStore.xcdatamodeld */,
			);
			path = Resources;
			sourceTree = "<group>";
		};
		7D909F2223F07C45000AE10F /* Data */ = {
			isa = PBXGroup;
			children = (
				7D030AC82432C72B002D8994 /* HostStore+CoreDataClass.swift */,
				7D030AC92432C72B002D8994 /* HostStore+CoreDataProperties.swift */,
				7D909F3323F085A7000AE10F /* AuthStore+CoreDataClass.swift */,
				7D909F3423F085A7000AE10F /* AuthStore+CoreDataProperties.swift */,
				7D75AD9223FC12D4006F2FF2 /* CoreDataFuncs.swift */,
			);
			path = Data;
			sourceTree = "<group>";
		};
		FEC16D337F291E2F5A79C893 /* Pods */ = {
			isa = PBXGroup;
			children = (
				58E17451FC1ABF4F42BE73C2 /* Pods-Production Manager Pro.debug.xcconfig */,
				A14D7932CD202B2E2D4A9354 /* Pods-Production Manager Pro.release.xcconfig */,
			);
			path = Pods;
			sourceTree = "<group>";
		};
/* End PBXGroup section */

/* Begin PBXNativeTarget section */
		7D7A87CE23E9E02600B9B4B0 /* Production Manager Pro */ = {
			isa = PBXNativeTarget;
			buildConfigurationList = 7D7A87F523E9E02800B9B4B0 /* Build configuration list for PBXNativeTarget "Production Manager Pro" */;
			buildPhases = (
				EAF054B863DE37DF9692F152 /* [CP] Check Pods Manifest.lock */,
				7D7A87CB23E9E02600B9B4B0 /* Sources */,
				7D7A87CC23E9E02600B9B4B0 /* Frameworks */,
				7D7A87CD23E9E02600B9B4B0 /* Resources */,
				1532E028E1DE74650C8CAF1A /* [CP] Embed Pods Frameworks */,
			);
			buildRules = (
			);
			dependencies = (
			);
			name = "Production Manager Pro";
			productName = AssetClient;
			productReference = 7D7A87CF23E9E02600B9B4B0 /* Production Manager Pro.app */;
			productType = "com.apple.product-type.application";
		};
		7D7A87E023E9E02800B9B4B0 /* Production Manager ProTests */ = {
			isa = PBXNativeTarget;
			buildConfigurationList = 7D7A87F823E9E02800B9B4B0 /* Build configuration list for PBXNativeTarget "Production Manager ProTests" */;
			buildPhases = (
				7D7A87DD23E9E02800B9B4B0 /* Sources */,
				7D7A87DE23E9E02800B9B4B0 /* Frameworks */,
				7D7A87DF23E9E02800B9B4B0 /* Resources */,
			);
			buildRules = (
			);
			dependencies = (
				7D7A87E323E9E02800B9B4B0 /* PBXTargetDependency */,
			);
			name = "Production Manager ProTests";
			productName = AssetClientTests;
			productReference = 7D7A87E123E9E02800B9B4B0 /* Production Manager ProTests.xctest */;
			productType = "com.apple.product-type.bundle.unit-test";
		};
		7D7A87EB23E9E02800B9B4B0 /* Production Manager ProUITests */ = {
			isa = PBXNativeTarget;
			buildConfigurationList = 7D7A87FB23E9E02800B9B4B0 /* Build configuration list for PBXNativeTarget "Production Manager ProUITests" */;
			buildPhases = (
				7D7A87E823E9E02800B9B4B0 /* Sources */,
				7D7A87E923E9E02800B9B4B0 /* Frameworks */,
				7D7A87EA23E9E02800B9B4B0 /* Resources */,
			);
			buildRules = (
			);
			dependencies = (
				7D7A87EE23E9E02800B9B4B0 /* PBXTargetDependency */,
			);
			name = "Production Manager ProUITests";
			productName = AssetClientUITests;
			productReference = 7D7A87EC23E9E02800B9B4B0 /* Production Manager ProUITests.xctest */;
			productType = "com.apple.product-type.bundle.ui-testing";
		};
/* End PBXNativeTarget section */

/* Begin PBXProject section */
		7D7A87C723E9E02600B9B4B0 /* Project object */ = {
			isa = PBXProject;
			attributes = {
				LastSwiftUpdateCheck = 1130;
				LastUpgradeCheck = 1130;
				ORGANIZATIONNAME = "Jamie Goodliffe";
				TargetAttributes = {
					7D7A87CE23E9E02600B9B4B0 = {
						CreatedOnToolsVersion = 11.3.1;
					};
					7D7A87E023E9E02800B9B4B0 = {
						CreatedOnToolsVersion = 11.3.1;
						TestTargetID = 7D7A87CE23E9E02600B9B4B0;
					};
					7D7A87EB23E9E02800B9B4B0 = {
						CreatedOnToolsVersion = 11.3.1;
						TestTargetID = 7D7A87CE23E9E02600B9B4B0;
					};
				};
			};
			buildConfigurationList = 7D7A87CA23E9E02600B9B4B0 /* Build configuration list for PBXProject "Production Manager Pro" */;
			compatibilityVersion = "Xcode 9.3";
			developmentRegion = en;
			hasScannedForEncodings = 0;
			knownRegions = (
				en,
				Base,
			);
			mainGroup = 7D7A87C623E9E02600B9B4B0;
			productRefGroup = 7D7A87D023E9E02600B9B4B0 /* Products */;
			projectDirPath = "";
			projectRoot = "";
			targets = (
				7D7A87CE23E9E02600B9B4B0 /* Production Manager Pro */,
				7D7A87E023E9E02800B9B4B0 /* Production Manager ProTests */,
				7D7A87EB23E9E02800B9B4B0 /* Production Manager ProUITests */,
			);
		};
/* End PBXProject section */

/* Begin PBXResourcesBuildPhase section */
		7D7A87CD23E9E02600B9B4B0 /* Resources */ = {
			isa = PBXResourcesBuildPhase;
			buildActionMask = 2147483647;
			files = (
				7D38140723FB318200602954 /* settings.png in Resources */,
				7D38140323FB318200602954 /* dashboard.png in Resources */,
				7D38140823FB318200602954 /* back.png in Resources */,
				7D38140523FB318200602954 /* calendar.png in Resources */,
				7D7A87D723E9E02800B9B4B0 /* Assets.xcassets in Resources */,
				7D38140923FB318200602954 /* key.png in Resources */,
				7D7A87DA23E9E02800B9B4B0 /* Main.storyboard in Resources */,
				7D38140623FB318200602954 /* user.png in Resources */,
				7D38140223FB318200602954 /* inventory.png in Resources */,
				7D38140423FB318200602954 /* logout.png in Resources */,
			);
			runOnlyForDeploymentPostprocessing = 0;
		};
		7D7A87DF23E9E02800B9B4B0 /* Resources */ = {
			isa = PBXResourcesBuildPhase;
			buildActionMask = 2147483647;
			files = (
			);
			runOnlyForDeploymentPostprocessing = 0;
		};
		7D7A87EA23E9E02800B9B4B0 /* Resources */ = {
			isa = PBXResourcesBuildPhase;
			buildActionMask = 2147483647;
			files = (
			);
			runOnlyForDeploymentPostprocessing = 0;
		};
/* End PBXResourcesBuildPhase section */

/* Begin PBXShellScriptBuildPhase section */
		1532E028E1DE74650C8CAF1A /* [CP] Embed Pods Frameworks */ = {
			isa = PBXShellScriptBuildPhase;
			buildActionMask = 2147483647;
			files = (
			);
			inputFileListPaths = (
				"${PODS_ROOT}/Target Support Files/Pods-Production Manager Pro/Pods-Production Manager Pro-frameworks-${CONFIGURATION}-input-files.xcfilelist",
			);
			name = "[CP] Embed Pods Frameworks";
			outputFileListPaths = (
				"${PODS_ROOT}/Target Support Files/Pods-Production Manager Pro/Pods-Production Manager Pro-frameworks-${CONFIGURATION}-output-files.xcfilelist",
			);
			runOnlyForDeploymentPostprocessing = 0;
			shellPath = /bin/sh;
			shellScript = "\"${PODS_ROOT}/Target Support Files/Pods-Production Manager Pro/Pods-Production Manager Pro-frameworks.sh\"\n";
			showEnvVarsInLog = 0;
		};
		EAF054B863DE37DF9692F152 /* [CP] Check Pods Manifest.lock */ = {
			isa = PBXShellScriptBuildPhase;
			buildActionMask = 2147483647;
			files = (
			);
			inputFileListPaths = (
			);
			inputPaths = (
				"${PODS_PODFILE_DIR_PATH}/Podfile.lock",
				"${PODS_ROOT}/Manifest.lock",
			);
			name = "[CP] Check Pods Manifest.lock";
			outputFileListPaths = (
			);
			outputPaths = (
				"$(DERIVED_FILE_DIR)/Pods-Production Manager Pro-checkManifestLockResult.txt",
			);
			runOnlyForDeploymentPostprocessing = 0;
			shellPath = /bin/sh;
			shellScript = "diff \"${PODS_PODFILE_DIR_PATH}/Podfile.lock\" \"${PODS_ROOT}/Manifest.lock\" > /dev/null\nif [ $? != 0 ] ; then\n    # print error to STDERR\n    echo \"error: The sandbox is not in sync with the Podfile.lock. Run 'pod install' or update your CocoaPods installation.\" >&2\n    exit 1\nfi\n# This output is used by Xcode 'outputs' to avoid re-running this script phase.\necho \"SUCCESS\" > \"${SCRIPT_OUTPUT_FILE_0}\"\n";
			showEnvVarsInLog = 0;
		};
/* End PBXShellScriptBuildPhase section */

/* Begin PBXSourcesBuildPhase section */
		7D7A87CB23E9E02600B9B4B0 /* Sources */ = {
			isa = PBXSourcesBuildPhase;
			buildActionMask = 2147483647;
			files = (
				7D09B55923FB7853002697B6 /* PasswordChangeViewController.swift in Sources */,
				7D7A87D523E9E02600B9B4B0 /* LoginViewController.swift in Sources */,
				7D97D344240FDCA30068DE22 /* MasterViewController.swift in Sources */,
				7D29880323F83AB9004DE4F3 /* MasterWindowController.swift in Sources */,
				7D5DB1A924112F740029A684 /* Events.swift in Sources */,
				7D11DF8B240B4D7A0030850A /* AssetsViewController.swift in Sources */,
				7D742B2523EA2E3600D0B53E /* JSONFunctions.swift in Sources */,
				7D909F3623F085A7000AE10F /* AuthStore+CoreDataProperties.swift in Sources */,
				7D11DF87240B4D3C0030850A /* PeopleViewController.swift in Sources */,
				7D7A87D323E9E02600B9B4B0 /* AppDelegate.swift in Sources */,
				7D75AD9323FC12D4006F2FF2 /* CoreDataFuncs.swift in Sources */,
				7DACA3DB24341DE900C73868 /* AuthStore.xcdatamodeld in Sources */,
				7D11DF84240B4D300030850A /* MaintenanceViewController.swift in Sources */,
				7D09310523F9CAE90016390E /* ProgressHUD.swift in Sources */,
				7DDD0BEC24127290003A2482 /* AddAssetViewController.swift in Sources */,
				7D11DF81240B4D240030850A /* LogisticsViewController.swift in Sources */,
				7D909F3523F085A7000AE10F /* AuthStore+CoreDataClass.swift in Sources */,
				7D5DB1A624107B020029A684 /* EditEventViewController.swift in Sources */,
				7D11DF7E240B47080030850A /* ImageResizer.swift in Sources */,
				7D3813D823FB04EE00602954 /* MainToolbar.swift in Sources */,
				7D11DF8E240B53290030850A /* WindowFunctions.swift in Sources */,
				7D09310423F9CAE90016390E /* YRKSpinningProgressIndicatorLayer.swift in Sources */,
				7D742B2723EA384100D0B53E /* Authentication.swift in Sources */,
				7D11DF89240B4D5F0030850A /* JobsViewController.swift in Sources */,
				7D030ACB2432C72B002D8994 /* HostStore+CoreDataProperties.swift in Sources */,
				7D5DB1A42410700C0029A684 /* CreateEventViewController.swift in Sources */,
				7D29880123F8305E004DE4F3 /* DashboardViewController.swift in Sources */,
				7D030ACA2432C72B002D8994 /* HostStore+CoreDataClass.swift in Sources */,
			);
			runOnlyForDeploymentPostprocessing = 0;
		};
		7D7A87DD23E9E02800B9B4B0 /* Sources */ = {
			isa = PBXSourcesBuildPhase;
			buildActionMask = 2147483647;
			files = (
				7D7A87E623E9E02800B9B4B0 /* AssetClientTests.swift in Sources */,
			);
			runOnlyForDeploymentPostprocessing = 0;
		};
		7D7A87E823E9E02800B9B4B0 /* Sources */ = {
			isa = PBXSourcesBuildPhase;
			buildActionMask = 2147483647;
			files = (
				7D7A87F123E9E02800B9B4B0 /* AssetClientUITests.swift in Sources */,
			);
			runOnlyForDeploymentPostprocessing = 0;
		};
/* End PBXSourcesBuildPhase section */

/* Begin PBXTargetDependency section */
		7D7A87E323E9E02800B9B4B0 /* PBXTargetDependency */ = {
			isa = PBXTargetDependency;
			target = 7D7A87CE23E9E02600B9B4B0 /* Production Manager Pro */;
			targetProxy = 7D7A87E223E9E02800B9B4B0 /* PBXContainerItemProxy */;
		};
		7D7A87EE23E9E02800B9B4B0 /* PBXTargetDependency */ = {
			isa = PBXTargetDependency;
			target = 7D7A87CE23E9E02600B9B4B0 /* Production Manager Pro */;
			targetProxy = 7D7A87ED23E9E02800B9B4B0 /* PBXContainerItemProxy */;
		};
/* End PBXTargetDependency section */

/* Begin PBXVariantGroup section */
		7D7A87D823E9E02800B9B4B0 /* Main.storyboard */ = {
			isa = PBXVariantGroup;
			children = (
				7D7A87D923E9E02800B9B4B0 /* Base */,
			);
			name = Main.storyboard;
			sourceTree = "<group>";
		};
/* End PBXVariantGroup section */

/* Begin XCBuildConfiguration section */
		7D7A87F323E9E02800B9B4B0 /* Debug */ = {
			isa = XCBuildConfiguration;
			buildSettings = {
				ALWAYS_SEARCH_USER_PATHS = NO;
				CLANG_ANALYZER_NONNULL = YES;
				CLANG_ANALYZER_NUMBER_OBJECT_CONVERSION = YES_AGGRESSIVE;
				CLANG_CXX_LANGUAGE_STANDARD = "gnu++14";
				CLANG_CXX_LIBRARY = "libc++";
				CLANG_ENABLE_MODULES = YES;
				CLANG_ENABLE_OBJC_ARC = YES;
				CLANG_ENABLE_OBJC_WEAK = YES;
				CLANG_WARN_BLOCK_CAPTURE_AUTORELEASING = YES;
				CLANG_WARN_BOOL_CONVERSION = YES;
				CLANG_WARN_COMMA = YES;
				CLANG_WARN_CONSTANT_CONVERSION = YES;
				CLANG_WARN_DEPRECATED_OBJC_IMPLEMENTATIONS = YES;
				CLANG_WARN_DIRECT_OBJC_ISA_USAGE = YES_ERROR;
				CLANG_WARN_DOCUMENTATION_COMMENTS = YES;
				CLANG_WARN_EMPTY_BODY = YES;
				CLANG_WARN_ENUM_CONVERSION = YES;
				CLANG_WARN_INFINITE_RECURSION = YES;
				CLANG_WARN_INT_CONVERSION = YES;
				CLANG_WARN_NON_LITERAL_NULL_CONVERSION = YES;
				CLANG_WARN_OBJC_IMPLICIT_RETAIN_SELF = YES;
				CLANG_WARN_OBJC_LITERAL_CONVERSION = YES;
				CLANG_WARN_OBJC_ROOT_CLASS = YES_ERROR;
				CLANG_WARN_RANGE_LOOP_ANALYSIS = YES;
				CLANG_WARN_STRICT_PROTOTYPES = YES;
				CLANG_WARN_SUSPICIOUS_MOVE = YES;
				CLANG_WARN_UNGUARDED_AVAILABILITY = YES_AGGRESSIVE;
				CLANG_WARN_UNREACHABLE_CODE = YES;
				CLANG_WARN__DUPLICATE_METHOD_MATCH = YES;
				COPY_PHASE_STRIP = NO;
				DEBUG_INFORMATION_FORMAT = dwarf;
				ENABLE_STRICT_OBJC_MSGSEND = YES;
				ENABLE_TESTABILITY = YES;
				GCC_C_LANGUAGE_STANDARD = gnu11;
				GCC_DYNAMIC_NO_PIC = NO;
				GCC_NO_COMMON_BLOCKS = YES;
				GCC_OPTIMIZATION_LEVEL = 0;
				GCC_PREPROCESSOR_DEFINITIONS = (
					"DEBUG=1",
					"$(inherited)",
				);
				GCC_WARN_64_TO_32_BIT_CONVERSION = YES;
				GCC_WARN_ABOUT_RETURN_TYPE = YES_ERROR;
				GCC_WARN_UNDECLARED_SELECTOR = YES;
				GCC_WARN_UNINITIALIZED_AUTOS = YES_AGGRESSIVE;
				GCC_WARN_UNUSED_FUNCTION = YES;
				GCC_WARN_UNUSED_VARIABLE = YES;
				MACOSX_DEPLOYMENT_TARGET = 10.15;
				MTL_ENABLE_DEBUG_INFO = INCLUDE_SOURCE;
				MTL_FAST_MATH = YES;
				ONLY_ACTIVE_ARCH = YES;
				SDKROOT = macosx;
				SWIFT_ACTIVE_COMPILATION_CONDITIONS = DEBUG;
				SWIFT_OPTIMIZATION_LEVEL = "-Onone";
			};
			name = Debug;
		};
		7D7A87F423E9E02800B9B4B0 /* Release */ = {
			isa = XCBuildConfiguration;
			buildSettings = {
				ALWAYS_SEARCH_USER_PATHS = NO;
				CLANG_ANALYZER_NONNULL = YES;
				CLANG_ANALYZER_NUMBER_OBJECT_CONVERSION = YES_AGGRESSIVE;
				CLANG_CXX_LANGUAGE_STANDARD = "gnu++14";
				CLANG_CXX_LIBRARY = "libc++";
				CLANG_ENABLE_MODULES = YES;
				CLANG_ENABLE_OBJC_ARC = YES;
				CLANG_ENABLE_OBJC_WEAK = YES;
				CLANG_WARN_BLOCK_CAPTURE_AUTORELEASING = YES;
				CLANG_WARN_BOOL_CONVERSION = YES;
				CLANG_WARN_COMMA = YES;
				CLANG_WARN_CONSTANT_CONVERSION = YES;
				CLANG_WARN_DEPRECATED_OBJC_IMPLEMENTATIONS = YES;
				CLANG_WARN_DIRECT_OBJC_ISA_USAGE = YES_ERROR;
				CLANG_WARN_DOCUMENTATION_COMMENTS = YES;
				CLANG_WARN_EMPTY_BODY = YES;
				CLANG_WARN_ENUM_CONVERSION = YES;
				CLANG_WARN_INFINITE_RECURSION = YES;
				CLANG_WARN_INT_CONVERSION = YES;
				CLANG_WARN_NON_LITERAL_NULL_CONVERSION = YES;
				CLANG_WARN_OBJC_IMPLICIT_RETAIN_SELF = YES;
				CLANG_WARN_OBJC_LITERAL_CONVERSION = YES;
				CLANG_WARN_OBJC_ROOT_CLASS = YES_ERROR;
				CLANG_WARN_RANGE_LOOP_ANALYSIS = YES;
				CLANG_WARN_STRICT_PROTOTYPES = YES;
				CLANG_WARN_SUSPICIOUS_MOVE = YES;
				CLANG_WARN_UNGUARDED_AVAILABILITY = YES_AGGRESSIVE;
				CLANG_WARN_UNREACHABLE_CODE = YES;
				CLANG_WARN__DUPLICATE_METHOD_MATCH = YES;
				COPY_PHASE_STRIP = NO;
				DEBUG_INFORMATION_FORMAT = "dwarf-with-dsym";
				ENABLE_NS_ASSERTIONS = NO;
				ENABLE_STRICT_OBJC_MSGSEND = YES;
				GCC_C_LANGUAGE_STANDARD = gnu11;
				GCC_NO_COMMON_BLOCKS = YES;
				GCC_WARN_64_TO_32_BIT_CONVERSION = YES;
				GCC_WARN_ABOUT_RETURN_TYPE = YES_ERROR;
				GCC_WARN_UNDECLARED_SELECTOR = YES;
				GCC_WARN_UNINITIALIZED_AUTOS = YES_AGGRESSIVE;
				GCC_WARN_UNUSED_FUNCTION = YES;
				GCC_WARN_UNUSED_VARIABLE = YES;
				MACOSX_DEPLOYMENT_TARGET = 10.15;
				MTL_ENABLE_DEBUG_INFO = NO;
				MTL_FAST_MATH = YES;
				SDKROOT = macosx;
				SWIFT_COMPILATION_MODE = wholemodule;
				SWIFT_OPTIMIZATION_LEVEL = "-O";
			};
			name = Release;
		};
		7D7A87F623E9E02800B9B4B0 /* Debug */ = {
			isa = XCBuildConfiguration;
			baseConfigurationReference = 58E17451FC1ABF4F42BE73C2 /* Pods-Production Manager Pro.debug.xcconfig */;
			buildSettings = {
				ASSETCATALOG_COMPILER_APPICON_NAME = AppIcon;
				CODE_SIGN_ENTITLEMENTS = AssetClient/AssetClient.entitlements;
				CODE_SIGN_IDENTITY = "Apple Development";
				CODE_SIGN_STYLE = Automatic;
				COMBINE_HIDPI_IMAGES = YES;
				DEVELOPMENT_TEAM = M7C9JSKUUD;
				ENABLE_HARDENED_RUNTIME = YES;
				INFOPLIST_FILE = AssetClient/Info.plist;
				LD_RUNPATH_SEARCH_PATHS = (
					"$(inherited)",
					"@executable_path/../Frameworks",
				);
				MARKETING_VERSION = 0.01;
				PRODUCT_BUNDLE_IDENTIFIER = jamie.ProdManagerPro;
				PRODUCT_NAME = "$(TARGET_NAME)";
				SWIFT_VERSION = 5.0;
			};
			name = Debug;
		};
		7D7A87F723E9E02800B9B4B0 /* Release */ = {
			isa = XCBuildConfiguration;
			baseConfigurationReference = A14D7932CD202B2E2D4A9354 /* Pods-Production Manager Pro.release.xcconfig */;
			buildSettings = {
				ASSETCATALOG_COMPILER_APPICON_NAME = AppIcon;
				CODE_SIGN_ENTITLEMENTS = AssetClient/AssetClient.entitlements;
				CODE_SIGN_IDENTITY = "Apple Development";
				CODE_SIGN_STYLE = Automatic;
				COMBINE_HIDPI_IMAGES = YES;
				DEVELOPMENT_TEAM = M7C9JSKUUD;
				ENABLE_HARDENED_RUNTIME = YES;
				INFOPLIST_FILE = AssetClient/Info.plist;
				LD_RUNPATH_SEARCH_PATHS = (
					"$(inherited)",
					"@executable_path/../Frameworks",
				);
				MARKETING_VERSION = 0.01;
				PRODUCT_BUNDLE_IDENTIFIER = jamie.ProdManagerPro;
				PRODUCT_NAME = "$(TARGET_NAME)";
				SWIFT_VERSION = 5.0;
			};
			name = Release;
		};
		7D7A87F923E9E02800B9B4B0 /* Debug */ = {
			isa = XCBuildConfiguration;
			buildSettings = {
				ALWAYS_EMBED_SWIFT_STANDARD_LIBRARIES = YES;
				BUNDLE_LOADER = "$(TEST_HOST)";
				CODE_SIGN_STYLE = Automatic;
				COMBINE_HIDPI_IMAGES = YES;
				DEVELOPMENT_TEAM = M7C9JSKUUD;
				INFOPLIST_FILE = AssetClientTests/Info.plist;
				LD_RUNPATH_SEARCH_PATHS = (
					"$(inherited)",
					"@executable_path/../Frameworks",
					"@loader_path/../Frameworks",
				);
				MACOSX_DEPLOYMENT_TARGET = 10.15;
				PRODUCT_BUNDLE_IDENTIFIER = jamie.AssetClientTests;
				PRODUCT_NAME = "$(TARGET_NAME)";
				SWIFT_VERSION = 5.0;
				TEST_HOST = "$(BUILT_PRODUCTS_DIR)/Production Manager Pro.app/Contents/MacOS/Production Manager Pro";
			};
			name = Debug;
		};
		7D7A87FA23E9E02800B9B4B0 /* Release */ = {
			isa = XCBuildConfiguration;
			buildSettings = {
				ALWAYS_EMBED_SWIFT_STANDARD_LIBRARIES = YES;
				BUNDLE_LOADER = "$(TEST_HOST)";
				CODE_SIGN_STYLE = Automatic;
				COMBINE_HIDPI_IMAGES = YES;
				DEVELOPMENT_TEAM = M7C9JSKUUD;
				INFOPLIST_FILE = AssetClientTests/Info.plist;
				LD_RUNPATH_SEARCH_PATHS = (
					"$(inherited)",
					"@executable_path/../Frameworks",
					"@loader_path/../Frameworks",
				);
				MACOSX_DEPLOYMENT_TARGET = 10.15;
				PRODUCT_BUNDLE_IDENTIFIER = jamie.AssetClientTests;
				PRODUCT_NAME = "$(TARGET_NAME)";
				SWIFT_VERSION = 5.0;
				TEST_HOST = "$(BUILT_PRODUCTS_DIR)/Production Manager Pro.app/Contents/MacOS/Production Manager Pro";
			};
			name = Release;
		};
		7D7A87FC23E9E02800B9B4B0 /* Debug */ = {
			isa = XCBuildConfiguration;
			buildSettings = {
				ALWAYS_EMBED_SWIFT_STANDARD_LIBRARIES = YES;
				CODE_SIGN_STYLE = Automatic;
				COMBINE_HIDPI_IMAGES = YES;
				DEVELOPMENT_TEAM = M7C9JSKUUD;
				INFOPLIST_FILE = AssetClientUITests/Info.plist;
				LD_RUNPATH_SEARCH_PATHS = (
					"$(inherited)",
					"@executable_path/../Frameworks",
					"@loader_path/../Frameworks",
				);
				PRODUCT_BUNDLE_IDENTIFIER = jamie.AssetClientUITests;
				PRODUCT_NAME = "$(TARGET_NAME)";
				SWIFT_VERSION = 5.0;
				TEST_TARGET_NAME = AssetClient;
			};
			name = Debug;
		};
		7D7A87FD23E9E02800B9B4B0 /* Release */ = {
			isa = XCBuildConfiguration;
			buildSettings = {
				ALWAYS_EMBED_SWIFT_STANDARD_LIBRARIES = YES;
				CODE_SIGN_STYLE = Automatic;
				COMBINE_HIDPI_IMAGES = YES;
				DEVELOPMENT_TEAM = M7C9JSKUUD;
				INFOPLIST_FILE = AssetClientUITests/Info.plist;
				LD_RUNPATH_SEARCH_PATHS = (
					"$(inherited)",
					"@executable_path/../Frameworks",
					"@loader_path/../Frameworks",
				);
				PRODUCT_BUNDLE_IDENTIFIER = jamie.AssetClientUITests;
				PRODUCT_NAME = "$(TARGET_NAME)";
				SWIFT_VERSION = 5.0;
				TEST_TARGET_NAME = AssetClient;
			};
			name = Release;
		};
/* End XCBuildConfiguration section */

/* Begin XCConfigurationList section */
		7D7A87CA23E9E02600B9B4B0 /* Build configuration list for PBXProject "Production Manager Pro" */ = {
			isa = XCConfigurationList;
			buildConfigurations = (
				7D7A87F323E9E02800B9B4B0 /* Debug */,
				7D7A87F423E9E02800B9B4B0 /* Release */,
			);
			defaultConfigurationIsVisible = 0;
			defaultConfigurationName = Release;
		};
		7D7A87F523E9E02800B9B4B0 /* Build configuration list for PBXNativeTarget "Production Manager Pro" */ = {
			isa = XCConfigurationList;
			buildConfigurations = (
				7D7A87F623E9E02800B9B4B0 /* Debug */,
				7D7A87F723E9E02800B9B4B0 /* Release */,
			);
			defaultConfigurationIsVisible = 0;
			defaultConfigurationName = Release;
		};
		7D7A87F823E9E02800B9B4B0 /* Build configuration list for PBXNativeTarget "Production Manager ProTests" */ = {
			isa = XCConfigurationList;
			buildConfigurations = (
				7D7A87F923E9E02800B9B4B0 /* Debug */,
				7D7A87FA23E9E02800B9B4B0 /* Release */,
			);
			defaultConfigurationIsVisible = 0;
			defaultConfigurationName = Release;
		};
		7D7A87FB23E9E02800B9B4B0 /* Build configuration list for PBXNativeTarget "Production Manager ProUITests" */ = {
			isa = XCConfigurationList;
			buildConfigurations = (
				7D7A87FC23E9E02800B9B4B0 /* Debug */,
				7D7A87FD23E9E02800B9B4B0 /* Release */,
			);
			defaultConfigurationIsVisible = 0;
			defaultConfigurationName = Release;
		};
/* End XCConfigurationList section */

/* Begin XCVersionGroup section */
		7D909F1E23F07BB8000AE10F /* AuthStore.xcdatamodeld */ = {
			isa = XCVersionGroup;
			children = (
				7D909F1F23F07BB8000AE10F /* AssetClient.xcdatamodel */,
			);
			currentVersion = 7D909F1F23F07BB8000AE10F /* AssetClient.xcdatamodel */;
			path = AuthStore.xcdatamodeld;
			sourceTree = "<group>";
			versionGroupType = wrapper.xcdatamodel;
		};
/* End XCVersionGroup section */
	};
	rootObject = 7D7A87C723E9E02600B9B4B0 /* Project object */;
}
